
Microsoft Visual Studio Solution File, Format Version 12.00
# Visual Studio 2012
Project("{FAE04EC0-301F-11D3-BF4B-00C04F79EFBC}") = "Tracnghiem_Application", "Tracnghiem_Application\Tracnghiem_Application.csproj", "{E74418F4-E730-421F-B645-A3C25D4CBFCC}"
EndProject
Project("{FAE04EC0-301F-11D3-BF4B-00C04F79EFBC}") = "Tracnghiem_DataAccess", "Tracnghiem_DataAccess\Tracnghiem_DataAccess.csproj", "{895B4BDF-4A8C-4646-A6E5-0B89C4F6A9B6}"
EndProject
Project("{FAE04EC0-301F-11D3-BF4B-00C04F79EFBC}") = "Tracnghiem_Business", "Tracnghiem_Business\Tracnghiem_Business.csproj", "{385A010F-EACD-4599-B37B-33F5690C2690}"
EndProject
Project("{54435603-DBB4-11D2-8724-00A0C9A8B90C}") = "Setup", "Setup\Setup.vdproj", "{F7A3D712-0962-414F-ACFE-45E4695FCA88}"
EndProject
Global
	GlobalSection(SolutionConfigurationPlatforms) = preSolution
		Debug|Any CPU = Debug|Any CPU
		Release|Any CPU = Release|Any CPU
	EndGlobalSection
	GlobalSection(ProjectConfigurationPlatforms) = postSolution
		{E74418F4-E730-421F-B645-A3C25D4CBFCC}.Debug|Any CPU.ActiveCfg = Debug|Any CPU
		{E74418F4-E730-421F-B645-A3C25D4CBFCC}.Debug|Any CPU.Build.0 = Debug|Any CPU
		{E74418F4-E730-421F-B645-A3C25D4CBFCC}.Release|Any CPU.ActiveCfg = Release|Any CPU
		{E74418F4-E730-421F-B645-A3C25D4CBFCC}.Release|Any CPU.Build.0 = Release|Any CPU
		{895B4BDF-4A8C-4646-A6E5-0B89C4F6A9B6}.Debug|Any CPU.ActiveCfg = Debug|Any CPU
		{895B4BDF-4A8C-4646-A6E5-0B89C4F6A9B6}.Debug|Any CPU.Build.0 = Debug|Any CPU
		{895B4BDF-4A8C-4646-A6E5-0B89C4F6A9B6}.Release|Any CPU.ActiveCfg = Release|Any CPU
		{895B4BDF-4A8C-4646-A6E5-0B89C4F6A9B6}.Release|Any CPU.Build.0 = Release|Any CPU
		{385A010F-EACD-4599-B37B-33F5690C2690}.Debug|Any CPU.ActiveCfg = Debug|Any CPU
		{385A010F-EACD-4599-B37B-33F5690C2690}.Debug|Any CPU.Build.0 = Debug|Any CPU
		{385A010F-EACD-4599-B37B-33F5690C2690}.Release|Any CPU.ActiveCfg = Release|Any CPU
		{385A010F-EACD-4599-B37B-33F5690C2690}.Release|Any CPU.Build.0 = Release|Any CPU
		{F7A3D712-0962-414F-ACFE-45E4695FCA88}.Debug|Any CPU.ActiveCfg = Debug
		{F7A3D712-0962-414F-ACFE-45E4695FCA88}.Release|Any CPU.ActiveCfg = Release
	EndGlobalSection
	GlobalSection(SolutionProperties) = preSolution
		HideSolutionNode = FALSE
	EndGlobalSection
EndGlobal
